{
  "nodes": {
    "hellcomp": {
      "inputs": {
        "nixpkgs": [
          "nixpkgs"
        ]
      },
      "locked": {
        "lastModified": 1735700933,
        "narHash": "sha256-NQYz1EbWiuQH5iSWLM1/+wJd/Dd379oIBeaV5rXk+KI=",
        "owner": "JuliusDeBoer",
        "repo": "HellComp",
        "rev": "5b2beb145b6a8cb5c4cad5b8937ec44ff3f045ab",
        "type": "github"
      },
      "original": {
        "owner": "JuliusDeBoer",
        "ref": "refs/tags/stable",
        "repo": "HellComp",
        "type": "github"
      }
    },
    "home-manager": {
      "inputs": {
        "nixpkgs": [
          "nixpkgs"
        ]
      },
      "locked": {
        "lastModified": 1739992710,
        "narHash": "sha256-9kEscmGnXHjSgcqyJR4TzzHhska4yz1inSQs6HuO9qU=",
        "owner": "nix-community",
        "repo": "home-manager",
        "rev": "1c189f011447810af939a886ba7bee33532bb1f9",
        "type": "github"
      },
      "original": {
        "owner": "nix-community",
        "repo": "home-manager",
        "type": "github"
      }
    },
    "nixpkgs": {
      "locked": {
        "lastModified": 1739866667,
        "narHash": "sha256-EO1ygNKZlsAC9avfcwHkKGMsmipUk1Uc0TbrEZpkn64=",
        "owner": "nixos",
        "repo": "nixpkgs",
        "rev": "73cf49b8ad837ade2de76f87eb53fc85ed5d4680",
        "type": "github"
      },
      "original": {
        "owner": "nixos",
        "ref": "nixos-unstable",
        "repo": "nixpkgs",
        "type": "github"
      }
    },
    "nixpkgs_2": {
      "locked": {
        "lastModified": 1735554305,
        "narHash": "sha256-zExSA1i/b+1NMRhGGLtNfFGXgLtgo+dcuzHzaWA6w3Q=",
        "owner": "nixos",
        "repo": "nixpkgs",
        "rev": "0e82ab234249d8eee3e8c91437802b32c74bb3fd",
        "type": "github"
      },
      "original": {
        "owner": "nixos",
        "ref": "nixpkgs-unstable",
        "repo": "nixpkgs",
        "type": "github"
      }
    },
    "root": {
      "inputs": {
        "hellcomp": "hellcomp",
        "home-manager": "home-manager",
        "nixpkgs": "nixpkgs",
        "rust-overlay": "rust-overlay",
        "treefmt-nix": "treefmt-nix",
        "zen-browser": "zen-browser"
      }
    },
    "rust-overlay": {
      "inputs": {
        "nixpkgs": [
          "nixpkgs"
        ]
      },
      "locked": {
        "lastModified": 1740018520,
        "narHash": "sha256-mU6H0Q1WPn0XuwBO9SLZb/1yeVMfvsifBJcXNlhB+Ts=",
        "owner": "oxalica",
        "repo": "rust-overlay",
        "rev": "7f6ecf3b7c5bfcc4730943a767630122efd09dc8",
        "type": "github"
      },
      "original": {
        "owner": "oxalica",
        "repo": "rust-overlay",
        "type": "github"
      }
    },
    "treefmt-nix": {
      "inputs": {
        "nixpkgs": "nixpkgs_2"
      },
      "locked": {
        "lastModified": 1739829690,
        "narHash": "sha256-mL1szCeIsjh6Khn3nH2cYtwO5YXG6gBiTw1A30iGeDU=",
        "owner": "numtide",
        "repo": "treefmt-nix",
        "rev": "3d0579f5cc93436052d94b73925b48973a104204",
        "type": "github"
      },
      "original": {
        "owner": "numtide",
        "repo": "treefmt-nix",
        "type": "github"
      }
    },
    "zen-browser": {
      "inputs": {
        "nixpkgs": [
          "nixpkgs"
        ]
      },
      "locked": {
        "lastModified": 1737256055,
        "narHash": "sha256-blMqhVrRFL+kVEA/g8D2Rg6PHsAu2NEKVk0kfwN5u/E=",
        "owner": "0xc000022070",
        "repo": "zen-browser-flake",
        "rev": "4476798b072eb3764fb939116f42a77d3e191e62",
        "type": "github"
      },
      "original": {
        "owner": "0xc000022070",
        "repo": "zen-browser-flake",
        "rev": "4476798b072eb3764fb939116f42a77d3e191e62",
        "type": "github"
      }
    }
  },
  "root": "root",
  "version": 7
}
