{
  "nodes": {
    "hellcomp": {
      "inputs": {
        "nixpkgs": [
          "nixpkgs"
        ]
      },
      "locked": {
        "lastModified": 1735700933,
        "narHash": "sha256-NQYz1EbWiuQH5iSWLM1/+wJd/Dd379oIBeaV5rXk+KI=",
        "owner": "JuliusDeBoer",
        "repo": "HellComp",
        "rev": "5b2beb145b6a8cb5c4cad5b8937ec44ff3f045ab",
        "type": "github"
      },
      "original": {
        "owner": "JuliusDeBoer",
        "ref": "refs/tags/stable",
        "repo": "HellComp",
        "type": "github"
      }
    },
    "home-manager": {
      "inputs": {
        "nixpkgs": [
          "nixpkgs"
        ]
      },
      "locked": {
        "lastModified": 1737221749,
        "narHash": "sha256-igllW0yG+UbetvhT11jnt9RppSHXYgMykYhZJeqfHs0=",
        "owner": "nix-community",
        "repo": "home-manager",
        "rev": "97d7946b5e107dd03cc82f21165251d4e0159655",
        "type": "github"
      },
      "original": {
        "owner": "nix-community",
        "repo": "home-manager",
        "type": "github"
      }
    },
    "nixpkgs": {
      "locked": {
        "lastModified": 1737062831,
        "narHash": "sha256-Tbk1MZbtV2s5aG+iM99U8FqwxU/YNArMcWAv6clcsBc=",
        "owner": "nixos",
        "repo": "nixpkgs",
        "rev": "5df43628fdf08d642be8ba5b3625a6c70731c19c",
        "type": "github"
      },
      "original": {
        "owner": "nixos",
        "ref": "nixos-unstable",
        "repo": "nixpkgs",
        "type": "github"
      }
    },
    "root": {
      "inputs": {
        "hellcomp": "hellcomp",
        "home-manager": "home-manager",
        "nixpkgs": "nixpkgs",
        "rust-overlay": "rust-overlay",
        "zen-browser": "zen-browser"
      }
    },
    "rust-overlay": {
      "inputs": {
        "nixpkgs": [
          "nixpkgs"
        ]
      },
      "locked": {
        "lastModified": 1737253755,
        "narHash": "sha256-T1FIl8yuQ0cJx2DBMvWH73O/igJGaumNNyZkea2m3a0=",
        "owner": "oxalica",
        "repo": "rust-overlay",
        "rev": "9e4b97a04063ff39a37b63e8fb31cc2b4adf9227",
        "type": "github"
      },
      "original": {
        "owner": "oxalica",
        "repo": "rust-overlay",
        "type": "github"
      }
    },
    "zen-browser": {
      "inputs": {
        "nixpkgs": [
          "nixpkgs"
        ]
      },
      "locked": {
        "lastModified": 1737256055,
        "narHash": "sha256-blMqhVrRFL+kVEA/g8D2Rg6PHsAu2NEKVk0kfwN5u/E=",
        "owner": "0xc000022070",
        "repo": "zen-browser-flake",
        "rev": "4476798b072eb3764fb939116f42a77d3e191e62",
        "type": "github"
      },
      "original": {
        "owner": "0xc000022070",
        "repo": "zen-browser-flake",
        "rev": "4476798b072eb3764fb939116f42a77d3e191e62",
        "type": "github"
      }
    }
  },
  "root": "root",
  "version": 7
}
